
Microsoft Visual Studio Solution File, Format Version 12.00
# Visual Studio Version 16
VisualStudioVersion = 16.0.31005.135
MinimumVisualStudioVersion = 10.0.40219.1
Project("{FAE04EC0-301F-11D3-BF4B-00C04F79EFBC}") = "CRMGURUTest", "CRMGURUTest.csproj", "{36A4A735-8E1F-48CB-BBD4-D6DC8C53E648}"
EndProject
Global
	GlobalSection(SolutionConfigurationPlatforms) = preSolution
		Debug|Any CPU = Debug|Any CPU
		Release|Any CPU = Release|Any CPU
	EndGlobalSection
	GlobalSection(ProjectConfigurationPlatforms) = postSolution
		{36A4A735-8E1F-48CB-BBD4-D6DC8C53E648}.Debug|Any CPU.ActiveCfg = Debug|Any CPU
		{36A4A735-8E1F-48CB-BBD4-D6DC8C53E648}.Debug|Any CPU.Build.0 = Debug|Any CPU
		{36A4A735-8E1F-48CB-BBD4-D6DC8C53E648}.Release|Any CPU.ActiveCfg = Release|Any CPU
		{36A4A735-8E1F-48CB-BBD4-D6DC8C53E648}.Release|Any CPU.Build.0 = Release|Any CPU
	EndGlobalSection
	GlobalSection(SolutionProperties) = preSolution
		HideSolutionNode = FALSE
	EndGlobalSection
	GlobalSection(ExtensibilityGlobals) = postSolution
		SolutionGuid = {859B98AF-9F5F-4B70-A639-3837BA009531}
	EndGlobalSection
EndGlobal
